{"SurveyEntry":{"SurveyID":"SV_bvbW2kGvtrfOq9M","SurveyName":"pricing study","SurveyDescription":null,"SurveyOwnerID":"UR_3EZ4UMiuUqcynIy","SurveyBrandID":"qualtricsxmq7n55g7ct","DivisionID":null,"SurveyLanguage":"EN","SurveyActiveResponseSet":"RS_dpqdG1xUGqnXQAC","SurveyStatus":"Inactive","SurveyStartDate":"0000-00-00 00:00:00","SurveyExpirationDate":"0000-00-00 00:00:00","SurveyCreationDate":"2025-04-21 10:07:03","CreatorID":"UR_3EZ4UMiuUqcynIy","LastModified":"2025-04-21 10:07:04","LastAccessed":"0000-00-00 00:00:00","LastActivated":"0000-00-00 00:00:00","Deleted":null}}